{
    "requires": true,
    "lockfileVersion": 1,
    "dependencies": {
        "@babel/helper-annotate-as-pure": {
            "version": "7.12.10",
            "resolved": "https://registry.npmjs.org/@babel/helper-annotate-as-pure/-/helper-annotate-as-pure-7.12.10.tgz",
            "integrity": "sha512-XplmVbC1n+KY6jL8/fgLVXXUauDIB+lD5+GsQEh6F6GBF1dq1qy4DP4yXWzDKcoqXB3X58t61e85Fitoww4JVQ==",
            "requires": {
                "@babel/types": "^7.12.10"
            }
        },
        "@babel/helper-module-imports": {
            "version": "7.12.5",
            "resolved": "https://registry.npmjs.org/@babel/helper-module-imports/-/helper-module-imports-7.12.5.tgz",
            "integrity": "sha512-SR713Ogqg6++uexFRORf/+nPXMmWIn80TALu0uaFb+iQIUoR7bOC7zBWyzBs5b3tBBJXuyD0cRu1F15GyzjOWA==",
            "requires": {
                "@babel/types": "^7.12.5"
            }
        },
        "@babel/helper-plugin-utils": {
            "version": "7.10.4",
            "resolved": "https://registry.npmjs.org/@babel/helper-plugin-utils/-/helper-plugin-utils-7.10.4.tgz",
            "integrity": "sha512-O4KCvQA6lLiMU9l2eawBPMf1xPP8xPfB3iEQw150hOVTqj/rfXz0ThTb4HEzqQfs2Bmo5Ay8BzxfzVtBrr9dVg=="
        },
        "@babel/helper-validator-identifier": {
            "version": "7.12.11",
            "resolved": "https://registry.npmjs.org/@babel/helper-validator-identifier/-/helper-validator-identifier-7.12.11.tgz",
            "integrity": "sha512-np/lG3uARFybkoHokJUmf1QfEvRVCPbmQeUQpKow5cQ3xWrV9i3rUHodKDJPQfTVX61qKi+UdYk8kik84n7XOw=="
        },
        "@babel/plugin-syntax-jsx": {
            "version": "7.12.1",
            "resolved": "https://registry.npmjs.org/@babel/plugin-syntax-jsx/-/plugin-syntax-jsx-7.12.1.tgz",
            "integrity": "sha512-1yRi7yAtB0ETgxdY9ti/p2TivUxJkTdhu/ZbF9MshVGqOx1TdB3b7xCXs49Fupgg50N45KcAsRP/ZqWjs9SRjg==",
            "requires": {
                "@babel/helper-plugin-utils": "^7.10.4"
            }
        },
        "@babel/plugin-transform-react-display-name": {
            "version": "7.12.1",
            "resolved": "https://registry.npmjs.org/@babel/plugin-transform-react-display-name/-/plugin-transform-react-display-name-7.12.1.tgz",
            "integrity": "sha512-cAzB+UzBIrekfYxyLlFqf/OagTvHLcVBb5vpouzkYkBclRPraiygVnafvAoipErZLI8ANv8Ecn6E/m5qPXD26w==",
            "requires": {
                "@babel/helper-plugin-utils": "^7.10.4"
            }
        },
        "@babel/plugin-transform-react-jsx": {
            "version": "7.12.12",
            "resolved": "https://registry.npmjs.org/@babel/plugin-transform-react-jsx/-/plugin-transform-react-jsx-7.12.12.tgz",
            "integrity": "sha512-JDWGuzGNWscYcq8oJVCtSE61a5+XAOos+V0HrxnDieUus4UMnBEosDnY1VJqU5iZ4pA04QY7l0+JvHL1hZEfsw==",
            "requires": {
                "@babel/helper-annotate-as-pure": "^7.12.10",
                "@babel/helper-module-imports": "^7.12.5",
                "@babel/helper-plugin-utils": "^7.10.4",
                "@babel/plugin-syntax-jsx": "^7.12.1",
                "@babel/types": "^7.12.12"
            }
        },
        "@babel/plugin-transform-react-jsx-development": {
            "version": "7.12.12",
            "resolved": "https://registry.npmjs.org/@babel/plugin-transform-react-jsx-development/-/plugin-transform-react-jsx-development-7.12.12.tgz",
            "integrity": "sha512-i1AxnKxHeMxUaWVXQOSIco4tvVvvCxMSfeBMnMM06mpaJt3g+MpxYQQrDfojUQldP1xxraPSJYSMEljoWM/dCg==",
            "requires": {
                "@babel/plugin-transform-react-jsx": "^7.12.12"
            }
        },
        "@babel/plugin-transform-react-pure-annotations": {
            "version": "7.12.1",
            "resolved": "https://registry.npmjs.org/@babel/plugin-transform-react-pure-annotations/-/plugin-transform-react-pure-annotations-7.12.1.tgz",
            "integrity": "sha512-RqeaHiwZtphSIUZ5I85PEH19LOSzxfuEazoY7/pWASCAIBuATQzpSVD+eT6MebeeZT2F4eSL0u4vw6n4Nm0Mjg==",
            "requires": {
                "@babel/helper-annotate-as-pure": "^7.10.4",
                "@babel/helper-plugin-utils": "^7.10.4"
            }
        },
        "@babel/preset-react": {
            "version": "7.12.10",
            "resolved": "https://registry.npmjs.org/@babel/preset-react/-/preset-react-7.12.10.tgz",
            "integrity": "sha512-vtQNjaHRl4DUpp+t+g4wvTHsLQuye+n0H/wsXIZRn69oz/fvNC7gQ4IK73zGJBaxvHoxElDvnYCthMcT7uzFoQ==",
            "requires": {
                "@babel/helper-plugin-utils": "^7.10.4",
                "@babel/plugin-transform-react-display-name": "^7.12.1",
                "@babel/plugin-transform-react-jsx": "^7.12.10",
                "@babel/plugin-transform-react-jsx-development": "^7.12.7",
                "@babel/plugin-transform-react-pure-annotations": "^7.12.1"
            }
        },
        "@babel/types": {
            "version": "7.12.12",
            "resolved": "https://registry.npmjs.org/@babel/types/-/types-7.12.12.tgz",
            "integrity": "sha512-lnIX7piTxOH22xE7fDXDbSHg9MM1/6ORnafpJmov5rs0kX5g4BZxeXNJLXsMRiO0U5Rb8/FvMS6xlTnTHvxonQ==",
            "requires": {
                "@babel/helper-validator-identifier": "^7.12.11",
                "lodash": "^4.17.19",
                "to-fast-properties": "^2.0.0"
            }
        },
        "@types/prop-types": {
            "version": "15.7.3",
            "resolved": "https://registry.npmjs.org/@types/prop-types/-/prop-types-15.7.3.tgz",
            "integrity": "sha512-KfRL3PuHmqQLOG+2tGpRO26Ctg+Cq1E01D2DMriKEATHgWLfeNDmq9e29Q9WIky0dQ3NPkd1mzYH8Lm936Z9qw==",
            "dev": true
        },
        "@types/react": {
            "version": "17.0.0",
            "resolved": "https://registry.npmjs.org/@types/react/-/react-17.0.0.tgz",
            "integrity": "sha512-aj/L7RIMsRlWML3YB6KZiXB3fV2t41+5RBGYF8z+tAKU43Px8C3cYUZsDvf1/+Bm4FK21QWBrDutu8ZJ/70qOw==",
            "dev": true,
            "requires": {
                "@types/prop-types": "*",
                "csstype": "^3.0.2"
            }
        },
        "csstype": {
            "version": "3.0.5",
            "resolved": "https://registry.npmjs.org/csstype/-/csstype-3.0.5.tgz",
            "integrity": "sha512-uVDi8LpBUKQj6sdxNaTetL6FpeCqTjOvAQuQUa/qAqq8oOd4ivkbhgnqayl0dnPal8Tb/yB1tF+gOvCBiicaiQ==",
            "dev": true
        },
        "js-tokens": {
            "version": "4.0.0",
            "resolved": "https://registry.npmjs.org/js-tokens/-/js-tokens-4.0.0.tgz",
            "integrity": "sha512-RdJUflcE3cUzKiMqQgsCu06FPu9UdIJO0beYbPhHN4k6apgJtifcoCtT9bcxOpYBtpD2kCM6Sbzg4CausW/PKQ=="
        },
        "lodash": {
            "version": "4.17.20",
            "resolved": "https://registry.npmjs.org/lodash/-/lodash-4.17.20.tgz",
            "integrity": "sha512-PlhdFcillOINfeV7Ni6oF1TAEayyZBoZ8bcshTHqOYJYlrqzRK5hagpagky5o4HfCzzd1TRkXPMFq6cKk9rGmA=="
        },
        "loose-envify": {
            "version": "1.4.0",
            "resolved": "https://registry.npmjs.org/loose-envify/-/loose-envify-1.4.0.tgz",
            "integrity": "sha512-lyuxPGr/Wfhrlem2CL/UcnUc1zcqKAImBDzukY7Y5F/yQiNdko6+fRLevlw1HgMySw7f611UIY408EtxRSoK3Q==",
            "requires": {
                "js-tokens": "^3.0.0 || ^4.0.0"
            }
        },
        "maishu-chitu": {
            "version": "3.28.0",
            "resolved": "https://registry.npmjs.org/maishu-chitu/-/maishu-chitu-3.28.0.tgz",
            "integrity": "sha512-kszqsPUjkhqKUYHTBQEyrS/cnKFTr5ADpHDUfi2thsnZstRzHX2YIQt9XfXf3TqXyFMp+2yz3AqqFFvAHNNJ3g==",
            "requires": {
                "maishu-chitu-service": "^1.21.0"
            }
        },
        "maishu-chitu-react": {
            "version": "1.27.0",
            "resolved": "https://registry.npmjs.org/maishu-chitu-react/-/maishu-chitu-react-1.27.0.tgz",
            "integrity": "sha512-HRh7rrvM7Iz+yykTrIzNowAl4OZgRewObsCXkvEBd/92K4WaGR3abRXofFhmzjHFc2vxoVXYVvtu1I7RpGvK5w==",
            "requires": {
                "maishu-chitu": "^3.6.4",
                "maishu-chitu-service": "^1.1.16",
                "react": "^16.8.2",
                "react-dom": "^16.8.2"
            }
        },
        "maishu-chitu-service": {
            "version": "1.21.0",
            "resolved": "https://registry.npmjs.org/maishu-chitu-service/-/maishu-chitu-service-1.21.0.tgz",
            "integrity": "sha512-El8vy3EOdfM7NkYohkgoqoNJD4waK+Kh1m4LL4LjUHlzEI7g11xsaEgoNF+fOe96J5M1NRjVG1EfY9aEHV0DLw==",
            "requires": {
                "maishu-toolkit": "^1.1.4",
                "node-fetch": "^2.6.0"
            }
        },
        "maishu-toolkit": {
            "version": "1.6.1",
            "resolved": "https://registry.npmjs.org/maishu-toolkit/-/maishu-toolkit-1.6.1.tgz",
            "integrity": "sha512-vGNnEQ73S/+wT8AXGoNvScb2inrJ/+63DDkrwEJoOEYNsP/9CnpLVikg246zNN8wKJA3Aq3n4QxP6fnBU6aLrg=="
        },
        "node-fetch": {
            "version": "2.6.1",
            "resolved": "https://registry.npmjs.org/node-fetch/-/node-fetch-2.6.1.tgz",
            "integrity": "sha512-V4aYg89jEoVRxRb2fJdAg8FHvI7cEyYdVAh94HH0UIK8oJxUfkjlDQN9RbMx+bEjP7+ggMiFRprSti032Oipxw=="
        },
        "object-assign": {
            "version": "4.1.1",
            "resolved": "https://registry.npmjs.org/object-assign/-/object-assign-4.1.1.tgz",
            "integrity": "sha1-IQmtx5ZYh8/AXLvUQsrIv7s2CGM="
        },
        "prop-types": {
            "version": "15.7.2",
            "resolved": "https://registry.npmjs.org/prop-types/-/prop-types-15.7.2.tgz",
            "integrity": "sha512-8QQikdH7//R2vurIJSutZ1smHYTcLpRWEOlHnzcWHmBYrOGUysKwSsrC89BCiFj3CbrfJ/nXFdJepOVrY1GCHQ==",
            "requires": {
                "loose-envify": "^1.4.0",
                "object-assign": "^4.1.1",
                "react-is": "^16.8.1"
            }
        },
        "react": {
            "version": "16.14.0",
            "resolved": "https://registry.npmjs.org/react/-/react-16.14.0.tgz",
            "integrity": "sha512-0X2CImDkJGApiAlcf0ODKIneSwBPhqJawOa5wCtKbu7ZECrmS26NvtSILynQ66cgkT/RJ4LidJOc3bUESwmU8g==",
            "requires": {
                "loose-envify": "^1.1.0",
                "object-assign": "^4.1.1",
                "prop-types": "^15.6.2"
            }
        },
        "react-dom": {
            "version": "16.14.0",
            "resolved": "https://registry.npmjs.org/react-dom/-/react-dom-16.14.0.tgz",
            "integrity": "sha512-1gCeQXDLoIqMgqD3IO2Ah9bnf0w9kzhwN5q4FGnHZ67hBm9yePzB5JJAIQCc8x3pFnNlwFq4RidZggNAAkzWWw==",
            "requires": {
                "loose-envify": "^1.1.0",
                "object-assign": "^4.1.1",
                "prop-types": "^15.6.2",
                "scheduler": "^0.19.1"
            }
        },
        "react-is": {
            "version": "16.13.1",
            "resolved": "https://registry.npmjs.org/react-is/-/react-is-16.13.1.tgz",
            "integrity": "sha512-24e6ynE2H+OKt4kqsOvNd8kBpV65zoxbA4BVsEOB3ARVWQki/DHzaUoC5KuON/BiccDaCCTZBuOcfZs70kR8bQ=="
        },
        "requirejs": {
            "version": "2.3.6",
            "resolved": "https://registry.npmjs.org/requirejs/-/requirejs-2.3.6.tgz",
            "integrity": "sha512-ipEzlWQe6RK3jkzikgCupiTbTvm4S0/CAU5GlgptkN5SO6F3u0UD0K18wy6ErDqiCyP4J4YYe1HuAShvsxePLg=="
        },
        "scheduler": {
            "version": "0.19.1",
            "resolved": "https://registry.npmjs.org/scheduler/-/scheduler-0.19.1.tgz",
            "integrity": "sha512-n/zwRWRYSUj0/3g/otKDRPMh6qv2SYMWNq85IEa8iZyAv8od9zDYpGSnpBEjNgcMNq6Scbu5KfIPxNF72R/2EA==",
            "requires": {
                "loose-envify": "^1.1.0",
                "object-assign": "^4.1.1"
            }
        },
        "to-fast-properties": {
            "version": "2.0.0",
            "resolved": "https://registry.npmjs.org/to-fast-properties/-/to-fast-properties-2.0.0.tgz",
            "integrity": "sha1-3F5pjL0HkmW8c+A3doGk5Og/YW4="
        }
    }
}
